// !$*UTF8*$!
{
	archiveVersion = 1;
	classes = {
	};
	objectVersion = 55;
	objects = {

/* Begin PBXBuildFile section */
		3B02C8202805338E009E3D26 /* Music+CoreDataClass.swift in Sources */ = {isa = PBXBuildFile; fileRef = 3B02C81C2805338E009E3D26 /* Music+CoreDataClass.swift */; };
		3B02C8212805338E009E3D26 /* Music+CoreDataProperties.swift in Sources */ = {isa = PBXBuildFile; fileRef = 3B02C81D2805338E009E3D26 /* Music+CoreDataProperties.swift */; };
		3B02C8222805338E009E3D26 /* Session+CoreDataClass.swift in Sources */ = {isa = PBXBuildFile; fileRef = 3B02C81E2805338E009E3D26 /* Session+CoreDataClass.swift */; };
		3B02C8232805338E009E3D26 /* Session+CoreDataProperties.swift in Sources */ = {isa = PBXBuildFile; fileRef = 3B02C81F2805338E009E3D26 /* Session+CoreDataProperties.swift */; };
		3B1318E62805CB3B00963EFC /* Voice Instructor in Resources */ = {isa = PBXBuildFile; fileRef = 3B1318E52805CB3B00963EFC /* Voice Instructor */; };
		3B202A3027FEA45200A58166 /* AppDelegate.swift in Sources */ = {isa = PBXBuildFile; fileRef = 3B202A2F27FEA45200A58166 /* AppDelegate.swift */; };
		3B202A3227FEA45200A58166 /* SceneDelegate.swift in Sources */ = {isa = PBXBuildFile; fileRef = 3B202A3127FEA45200A58166 /* SceneDelegate.swift */; };
		3B202A3427FEA45200A58166 /* ViewController.swift in Sources */ = {isa = PBXBuildFile; fileRef = 3B202A3327FEA45200A58166 /* ViewController.swift */; };
		3B202A3727FEA45200A58166 /* Main.storyboard in Resources */ = {isa = PBXBuildFile; fileRef = 3B202A3527FEA45200A58166 /* Main.storyboard */; };
		3B202A3A27FEA45200A58166 /* SleepMuse.xcdatamodeld in Sources */ = {isa = PBXBuildFile; fileRef = 3B202A3827FEA45200A58166 /* SleepMuse.xcdatamodeld */; };
		3B202A3C27FEA45300A58166 /* Assets.xcassets in Resources */ = {isa = PBXBuildFile; fileRef = 3B202A3B27FEA45300A58166 /* Assets.xcassets */; };
		3B202A3F27FEA45300A58166 /* LaunchScreen.storyboard in Resources */ = {isa = PBXBuildFile; fileRef = 3B202A3D27FEA45300A58166 /* LaunchScreen.storyboard */; };
		3B202A4C27FEC04100A58166 /* Qhanza.storyboard in Resources */ = {isa = PBXBuildFile; fileRef = 3B202A4B27FEC04100A58166 /* Qhanza.storyboard */; };
		3B202A4E27FEC04F00A58166 /* William.storyboard in Resources */ = {isa = PBXBuildFile; fileRef = 3B202A4D27FEC04F00A58166 /* William.storyboard */; };
		3B202A5027FEC06400A58166 /* Jesi.storyboard in Resources */ = {isa = PBXBuildFile; fileRef = 3B202A4F27FEC06400A58166 /* Jesi.storyboard */; };
		3B202A5227FEC09F00A58166 /* InsertNameViewController.swift in Sources */ = {isa = PBXBuildFile; fileRef = 3B202A5127FEC09F00A58166 /* InsertNameViewController.swift */; };
		3B202A5427FEC12300A58166 /* FallAsleepDurationViewController.swift in Sources */ = {isa = PBXBuildFile; fileRef = 3B202A5327FEC12300A58166 /* FallAsleepDurationViewController.swift */; };
		3B202A5627FEC18700A58166 /* SelectBedtimeReminderViewController.swift in Sources */ = {isa = PBXBuildFile; fileRef = 3B202A5527FEC18700A58166 /* SelectBedtimeReminderViewController.swift */; };
		3B202A5A27FEC1F400A58166 /* SetUpCompleteViewController.swift in Sources */ = {isa = PBXBuildFile; fileRef = 3B202A5927FEC1F400A58166 /* SetUpCompleteViewController.swift */; };
		3B202A5E27FEC22800A58166 /* HistoryViewController.swift in Sources */ = {isa = PBXBuildFile; fileRef = 3B202A5D27FEC22800A58166 /* HistoryViewController.swift */; };
		3B202A6027FEC26500A58166 /* StartBreathingViewController.swift in Sources */ = {isa = PBXBuildFile; fileRef = 3B202A5F27FEC26500A58166 /* StartBreathingViewController.swift */; };
		3B202A6227FEC29600A58166 /* BreathingSessionViewController.swift in Sources */ = {isa = PBXBuildFile; fileRef = 3B202A6127FEC29600A58166 /* BreathingSessionViewController.swift */; };
		3B202A6427FEC2B900A58166 /* BreathingSessionDoneViewController.swift in Sources */ = {isa = PBXBuildFile; fileRef = 3B202A6327FEC2B900A58166 /* BreathingSessionDoneViewController.swift */; };
		3B2BF99D28048809003C734B /* HistoryCollectionViewCell.swift in Sources */ = {isa = PBXBuildFile; fileRef = 3B2BF99C28048809003C734B /* HistoryCollectionViewCell.swift */; };
		3BFB776C27FFE3E40062B58B /* Settings.bundle in Resources */ = {isa = PBXBuildFile; fileRef = 3BFB776B27FFE3E40062B58B /* Settings.bundle */; };
		3BFB776E27FFE6BF0062B58B /* Constants.swift in Sources */ = {isa = PBXBuildFile; fileRef = 3BFB776D27FFE6BF0062B58B /* Constants.swift */; };
		3BFB7770280288260062B58B /* Pink Noises in Resources */ = {isa = PBXBuildFile; fileRef = 3BFB776F280288260062B58B /* Pink Noises */; };
/* End PBXBuildFile section */

/* Begin PBXFileReference section */
		3B02C81C2805338E009E3D26 /* Music+CoreDataClass.swift */ = {isa = PBXFileReference; lastKnownFileType = sourcecode.swift; path = "Music+CoreDataClass.swift"; sourceTree = "<group>"; };
		3B02C81D2805338E009E3D26 /* Music+CoreDataProperties.swift */ = {isa = PBXFileReference; lastKnownFileType = sourcecode.swift; path = "Music+CoreDataProperties.swift"; sourceTree = "<group>"; };
		3B02C81E2805338E009E3D26 /* Session+CoreDataClass.swift */ = {isa = PBXFileReference; lastKnownFileType = sourcecode.swift; path = "Session+CoreDataClass.swift"; sourceTree = "<group>"; };
		3B02C81F2805338E009E3D26 /* Session+CoreDataProperties.swift */ = {isa = PBXFileReference; lastKnownFileType = sourcecode.swift; path = "Session+CoreDataProperties.swift"; sourceTree = "<group>"; };
		3B1318E52805CB3B00963EFC /* Voice Instructor */ = {isa = PBXFileReference; lastKnownFileType = folder; path = "Voice Instructor"; sourceTree = "<group>"; };
		3B202A2C27FEA45200A58166 /* SleepMuse.app */ = {isa = PBXFileReference; explicitFileType = wrapper.application; includeInIndex = 0; path = SleepMuse.app; sourceTree = BUILT_PRODUCTS_DIR; };
		3B202A2F27FEA45200A58166 /* AppDelegate.swift */ = {isa = PBXFileReference; lastKnownFileType = sourcecode.swift; path = AppDelegate.swift; sourceTree = "<group>"; };
		3B202A3127FEA45200A58166 /* SceneDelegate.swift */ = {isa = PBXFileReference; lastKnownFileType = sourcecode.swift; path = SceneDelegate.swift; sourceTree = "<group>"; };
		3B202A3327FEA45200A58166 /* ViewController.swift */ = {isa = PBXFileReference; lastKnownFileType = sourcecode.swift; path = ViewController.swift; sourceTree = "<group>"; };
		3B202A3627FEA45200A58166 /* Base */ = {isa = PBXFileReference; lastKnownFileType = file.storyboard; name = Base; path = Base.lproj/Main.storyboard; sourceTree = "<group>"; };
		3B202A3927FEA45200A58166 /* SleepMuse.xcdatamodel */ = {isa = PBXFileReference; lastKnownFileType = wrapper.xcdatamodel; path = SleepMuse.xcdatamodel; sourceTree = "<group>"; };
		3B202A3B27FEA45300A58166 /* Assets.xcassets */ = {isa = PBXFileReference; lastKnownFileType = folder.assetcatalog; path = Assets.xcassets; sourceTree = "<group>"; };
		3B202A3E27FEA45300A58166 /* Base */ = {isa = PBXFileReference; lastKnownFileType = file.storyboard; name = Base; path = Base.lproj/LaunchScreen.storyboard; sourceTree = "<group>"; };
		3B202A4027FEA45300A58166 /* Info.plist */ = {isa = PBXFileReference; lastKnownFileType = text.plist.xml; path = Info.plist; sourceTree = "<group>"; };
		3B202A4B27FEC04100A58166 /* Qhanza.storyboard */ = {isa = PBXFileReference; lastKnownFileType = file.storyboard; path = Qhanza.storyboard; sourceTree = "<group>"; };
		3B202A4D27FEC04F00A58166 /* William.storyboard */ = {isa = PBXFileReference; lastKnownFileType = file.storyboard; path = William.storyboard; sourceTree = "<group>"; };
		3B202A4F27FEC06400A58166 /* Jesi.storyboard */ = {isa = PBXFileReference; lastKnownFileType = file.storyboard; path = Jesi.storyboard; sourceTree = "<group>"; };
		3B202A5127FEC09F00A58166 /* InsertNameViewController.swift */ = {isa = PBXFileReference; lastKnownFileType = sourcecode.swift; path = InsertNameViewController.swift; sourceTree = "<group>"; };
		3B202A5327FEC12300A58166 /* FallAsleepDurationViewController.swift */ = {isa = PBXFileReference; lastKnownFileType = sourcecode.swift; path = FallAsleepDurationViewController.swift; sourceTree = "<group>"; };
		3B202A5527FEC18700A58166 /* SelectBedtimeReminderViewController.swift */ = {isa = PBXFileReference; lastKnownFileType = sourcecode.swift; path = SelectBedtimeReminderViewController.swift; sourceTree = "<group>"; };
		3B202A5927FEC1F400A58166 /* SetUpCompleteViewController.swift */ = {isa = PBXFileReference; lastKnownFileType = sourcecode.swift; path = SetUpCompleteViewController.swift; sourceTree = "<group>"; };
		3B202A5D27FEC22800A58166 /* HistoryViewController.swift */ = {isa = PBXFileReference; lastKnownFileType = sourcecode.swift; path = HistoryViewController.swift; sourceTree = "<group>"; };
		3B202A5F27FEC26500A58166 /* StartBreathingViewController.swift */ = {isa = PBXFileReference; lastKnownFileType = sourcecode.swift; path = StartBreathingViewController.swift; sourceTree = "<group>"; };
		3B202A6127FEC29600A58166 /* BreathingSessionViewController.swift */ = {isa = PBXFileReference; lastKnownFileType = sourcecode.swift; path = BreathingSessionViewController.swift; sourceTree = "<group>"; };
		3B202A6327FEC2B900A58166 /* BreathingSessionDoneViewController.swift */ = {isa = PBXFileReference; lastKnownFileType = sourcecode.swift; path = BreathingSessionDoneViewController.swift; sourceTree = "<group>"; };
		3B2BF99C28048809003C734B /* HistoryCollectionViewCell.swift */ = {isa = PBXFileReference; lastKnownFileType = sourcecode.swift; path = HistoryCollectionViewCell.swift; sourceTree = "<group>"; };
		3BFB776B27FFE3E40062B58B /* Settings.bundle */ = {isa = PBXFileReference; lastKnownFileType = "wrapper.plug-in"; path = Settings.bundle; sourceTree = "<group>"; };
		3BFB776D27FFE6BF0062B58B /* Constants.swift */ = {isa = PBXFileReference; lastKnownFileType = sourcecode.swift; path = Constants.swift; sourceTree = "<group>"; };
		3BFB776F280288260062B58B /* Pink Noises */ = {isa = PBXFileReference; lastKnownFileType = folder; path = "Pink Noises"; sourceTree = "<group>"; };
/* End PBXFileReference section */

/* Begin PBXFrameworksBuildPhase section */
		3B202A2927FEA45200A58166 /* Frameworks */ = {
			isa = PBXFrameworksBuildPhase;
			buildActionMask = 2147483647;
			files = (
			);
			runOnlyForDeploymentPostprocessing = 0;
		};
/* End PBXFrameworksBuildPhase section */

/* Begin PBXGroup section */
		3B202A2327FEA45100A58166 = {
			isa = PBXGroup;
			children = (
				3B02C81C2805338E009E3D26 /* Music+CoreDataClass.swift */,
				3B02C81D2805338E009E3D26 /* Music+CoreDataProperties.swift */,
				3B02C81E2805338E009E3D26 /* Session+CoreDataClass.swift */,
				3B02C81F2805338E009E3D26 /* Session+CoreDataProperties.swift */,
				3B202A2E27FEA45200A58166 /* SleepMuse */,
				3B202A2D27FEA45200A58166 /* Products */,
			);
			sourceTree = "<group>";
		};
		3B202A2D27FEA45200A58166 /* Products */ = {
			isa = PBXGroup;
			children = (
				3B202A2C27FEA45200A58166 /* SleepMuse.app */,
			);
			name = Products;
			sourceTree = "<group>";
		};
		3B202A2E27FEA45200A58166 /* SleepMuse */ = {
			isa = PBXGroup;
			children = (
				3B202A2F27FEA45200A58166 /* AppDelegate.swift */,
				3B202A3127FEA45200A58166 /* SceneDelegate.swift */,
				3B202A3327FEA45200A58166 /* ViewController.swift */,
				3B202A5127FEC09F00A58166 /* InsertNameViewController.swift */,
				3B202A5327FEC12300A58166 /* FallAsleepDurationViewController.swift */,
				3B202A5527FEC18700A58166 /* SelectBedtimeReminderViewController.swift */,
				3B202A5927FEC1F400A58166 /* SetUpCompleteViewController.swift */,
				3B202A5D27FEC22800A58166 /* HistoryViewController.swift */,
				3B2BF99C28048809003C734B /* HistoryCollectionViewCell.swift */,
				3B202A5F27FEC26500A58166 /* StartBreathingViewController.swift */,
				3B202A6127FEC29600A58166 /* BreathingSessionViewController.swift */,
				3B202A6327FEC2B900A58166 /* BreathingSessionDoneViewController.swift */,
				3BFB776D27FFE6BF0062B58B /* Constants.swift */,
				3B202A3B27FEA45300A58166 /* Assets.xcassets */,
				3B202A3527FEA45200A58166 /* Main.storyboard */,
				3B202A3D27FEA45300A58166 /* LaunchScreen.storyboard */,
				3B202A4B27FEC04100A58166 /* Qhanza.storyboard */,
				3B202A4D27FEC04F00A58166 /* William.storyboard */,
				3B202A4F27FEC06400A58166 /* Jesi.storyboard */,
				3B202A4027FEA45300A58166 /* Info.plist */,
				3B202A3827FEA45200A58166 /* SleepMuse.xcdatamodeld */,
				3B1318E52805CB3B00963EFC /* Voice Instructor */,
				3BFB776F280288260062B58B /* Pink Noises */,
				3BFB776B27FFE3E40062B58B /* Settings.bundle */,
			);
			path = SleepMuse;
			sourceTree = "<group>";
		};
/* End PBXGroup section */

/* Begin PBXNativeTarget section */
		3B202A2B27FEA45200A58166 /* SleepMuse */ = {
			isa = PBXNativeTarget;
			buildConfigurationList = 3B202A4327FEA45300A58166 /* Build configuration list for PBXNativeTarget "SleepMuse" */;
			buildPhases = (
				3B202A2827FEA45200A58166 /* Sources */,
				3B202A2927FEA45200A58166 /* Frameworks */,
				3B202A2A27FEA45200A58166 /* Resources */,
			);
			buildRules = (
			);
			dependencies = (
			);
			name = SleepMuse;
			productName = SleepMuse;
			productReference = 3B202A2C27FEA45200A58166 /* SleepMuse.app */;
			productType = "com.apple.product-type.application";
		};
/* End PBXNativeTarget section */

/* Begin PBXProject section */
		3B202A2427FEA45100A58166 /* Project object */ = {
			isa = PBXProject;
			attributes = {
				BuildIndependentTargetsInParallel = 1;
				LastSwiftUpdateCheck = 1330;
				LastUpgradeCheck = 1330;
				TargetAttributes = {
					3B202A2B27FEA45200A58166 = {
						CreatedOnToolsVersion = 13.3;
					};
				};
			};
			buildConfigurationList = 3B202A2727FEA45100A58166 /* Build configuration list for PBXProject "SleepMuse" */;
			compatibilityVersion = "Xcode 13.0";
			developmentRegion = en;
			hasScannedForEncodings = 0;
			knownRegions = (
				en,
				Base,
			);
			mainGroup = 3B202A2327FEA45100A58166;
			productRefGroup = 3B202A2D27FEA45200A58166 /* Products */;
			projectDirPath = "";
			projectRoot = "";
			targets = (
				3B202A2B27FEA45200A58166 /* SleepMuse */,
			);
		};
/* End PBXProject section */

/* Begin PBXResourcesBuildPhase section */
		3B202A2A27FEA45200A58166 /* Resources */ = {
			isa = PBXResourcesBuildPhase;
			buildActionMask = 2147483647;
			files = (
				3B1318E62805CB3B00963EFC /* Voice Instructor in Resources */,
				3B202A4E27FEC04F00A58166 /* William.storyboard in Resources */,
				3B202A5027FEC06400A58166 /* Jesi.storyboard in Resources */,
				3B202A3F27FEA45300A58166 /* LaunchScreen.storyboard in Resources */,
				3B202A3C27FEA45300A58166 /* Assets.xcassets in Resources */,
				3B202A3727FEA45200A58166 /* Main.storyboard in Resources */,
				3B202A4C27FEC04100A58166 /* Qhanza.storyboard in Resources */,
				3BFB7770280288260062B58B /* Pink Noises in Resources */,
				3BFB776C27FFE3E40062B58B /* Settings.bundle in Resources */,
			);
			runOnlyForDeploymentPostprocessing = 0;
		};
/* End PBXResourcesBuildPhase section */

/* Begin PBXSourcesBuildPhase section */
		3B202A2827FEA45200A58166 /* Sources */ = {
			isa = PBXSourcesBuildPhase;
			buildActionMask = 2147483647;
			files = (
				3B02C8232805338E009E3D26 /* Session+CoreDataProperties.swift in Sources */,
				3B202A6427FEC2B900A58166 /* BreathingSessionDoneViewController.swift in Sources */,
				3B202A5227FEC09F00A58166 /* InsertNameViewController.swift in Sources */,
				3B202A5627FEC18700A58166 /* SelectBedtimeReminderViewController.swift in Sources */,
				3B202A3427FEA45200A58166 /* ViewController.swift in Sources */,
				3B202A3A27FEA45200A58166 /* SleepMuse.xcdatamodeld in Sources */,
				3B02C8212805338E009E3D26 /* Music+CoreDataProperties.swift in Sources */,
				3BFB776E27FFE6BF0062B58B /* Constants.swift in Sources */,
				3B202A5427FEC12300A58166 /* FallAsleepDurationViewController.swift in Sources */,
				3B02C8202805338E009E3D26 /* Music+CoreDataClass.swift in Sources */,
				3B202A5E27FEC22800A58166 /* HistoryViewController.swift in Sources */,
				3B202A6027FEC26500A58166 /* StartBreathingViewController.swift in Sources */,
				3B2BF99D28048809003C734B /* HistoryCollectionViewCell.swift in Sources */,
				3B202A3027FEA45200A58166 /* AppDelegate.swift in Sources */,
				3B02C8222805338E009E3D26 /* Session+CoreDataClass.swift in Sources */,
				3B202A3227FEA45200A58166 /* SceneDelegate.swift in Sources */,
				3B202A6227FEC29600A58166 /* BreathingSessionViewController.swift in Sources */,
				3B202A5A27FEC1F400A58166 /* SetUpCompleteViewController.swift in Sources */,
			);
			runOnlyForDeploymentPostprocessing = 0;
		};
/* End PBXSourcesBuildPhase section */

/* Begin PBXVariantGroup section */
		3B202A3527FEA45200A58166 /* Main.storyboard */ = {
			isa = PBXVariantGroup;
			children = (
				3B202A3627FEA45200A58166 /* Base */,
			);
			name = Main.storyboard;
			sourceTree = "<group>";
		};
		3B202A3D27FEA45300A58166 /* LaunchScreen.storyboard */ = {
			isa = PBXVariantGroup;
			children = (
				3B202A3E27FEA45300A58166 /* Base */,
			);
			name = LaunchScreen.storyboard;
			sourceTree = "<group>";
		};
/* End PBXVariantGroup section */

/* Begin XCBuildConfiguration section */
		3B202A4127FEA45300A58166 /* Debug */ = {
			isa = XCBuildConfiguration;
			buildSettings = {
				ALWAYS_SEARCH_USER_PATHS = NO;
				CLANG_ANALYZER_NONNULL = YES;
				CLANG_ANALYZER_NUMBER_OBJECT_CONVERSION = YES_AGGRESSIVE;
				CLANG_CXX_LANGUAGE_STANDARD = "gnu++17";
				CLANG_ENABLE_MODULES = YES;
				CLANG_ENABLE_OBJC_ARC = YES;
				CLANG_ENABLE_OBJC_WEAK = YES;
				CLANG_WARN_BLOCK_CAPTURE_AUTORELEASING = YES;
				CLANG_WARN_BOOL_CONVERSION = YES;
				CLANG_WARN_COMMA = YES;
				CLANG_WARN_CONSTANT_CONVERSION = YES;
				CLANG_WARN_DEPRECATED_OBJC_IMPLEMENTATIONS = YES;
				CLANG_WARN_DIRECT_OBJC_ISA_USAGE = YES_ERROR;
				CLANG_WARN_DOCUMENTATION_COMMENTS = YES;
				CLANG_WARN_EMPTY_BODY = YES;
				CLANG_WARN_ENUM_CONVERSION = YES;
				CLANG_WARN_INFINITE_RECURSION = YES;
				CLANG_WARN_INT_CONVERSION = YES;
				CLANG_WARN_NON_LITERAL_NULL_CONVERSION = YES;
				CLANG_WARN_OBJC_IMPLICIT_RETAIN_SELF = YES;
				CLANG_WARN_OBJC_LITERAL_CONVERSION = YES;
				CLANG_WARN_OBJC_ROOT_CLASS = YES_ERROR;
				CLANG_WARN_QUOTED_INCLUDE_IN_FRAMEWORK_HEADER = YES;
				CLANG_WARN_RANGE_LOOP_ANALYSIS = YES;
				CLANG_WARN_STRICT_PROTOTYPES = YES;
				CLANG_WARN_SUSPICIOUS_MOVE = YES;
				CLANG_WARN_UNGUARDED_AVAILABILITY = YES_AGGRESSIVE;
				CLANG_WARN_UNREACHABLE_CODE = YES;
				CLANG_WARN__DUPLICATE_METHOD_MATCH = YES;
				COPY_PHASE_STRIP = NO;
				DEBUG_INFORMATION_FORMAT = dwarf;
				ENABLE_STRICT_OBJC_MSGSEND = YES;
				ENABLE_TESTABILITY = YES;
				GCC_C_LANGUAGE_STANDARD = gnu11;
				GCC_DYNAMIC_NO_PIC = NO;
				GCC_NO_COMMON_BLOCKS = YES;
				GCC_OPTIMIZATION_LEVEL = 0;
				GCC_PREPROCESSOR_DEFINITIONS = (
					"DEBUG=1",
					"$(inherited)",
				);
				GCC_WARN_64_TO_32_BIT_CONVERSION = YES;
				GCC_WARN_ABOUT_RETURN_TYPE = YES_ERROR;
				GCC_WARN_UNDECLARED_SELECTOR = YES;
				GCC_WARN_UNINITIALIZED_AUTOS = YES_AGGRESSIVE;
				GCC_WARN_UNUSED_FUNCTION = YES;
				GCC_WARN_UNUSED_VARIABLE = YES;
				IPHONEOS_DEPLOYMENT_TARGET = 15.4;
				MTL_ENABLE_DEBUG_INFO = INCLUDE_SOURCE;
				MTL_FAST_MATH = YES;
				ONLY_ACTIVE_ARCH = YES;
				SDKROOT = iphoneos;
				SWIFT_ACTIVE_COMPILATION_CONDITIONS = DEBUG;
				SWIFT_OPTIMIZATION_LEVEL = "-Onone";
			};
			name = Debug;
		};
		3B202A4227FEA45300A58166 /* Release */ = {
			isa = XCBuildConfiguration;
			buildSettings = {
				ALWAYS_SEARCH_USER_PATHS = NO;
				CLANG_ANALYZER_NONNULL = YES;
				CLANG_ANALYZER_NUMBER_OBJECT_CONVERSION = YES_AGGRESSIVE;
				CLANG_CXX_LANGUAGE_STANDARD = "gnu++17";
				CLANG_ENABLE_MODULES = YES;
				CLANG_ENABLE_OBJC_ARC = YES;
				CLANG_ENABLE_OBJC_WEAK = YES;
				CLANG_WARN_BLOCK_CAPTURE_AUTORELEASING = YES;
				CLANG_WARN_BOOL_CONVERSION = YES;
				CLANG_WARN_COMMA = YES;
				CLANG_WARN_CONSTANT_CONVERSION = YES;
				CLANG_WARN_DEPRECATED_OBJC_IMPLEMENTATIONS = YES;
				CLANG_WARN_DIRECT_OBJC_ISA_USAGE = YES_ERROR;
				CLANG_WARN_DOCUMENTATION_COMMENTS = YES;
				CLANG_WARN_EMPTY_BODY = YES;
				CLANG_WARN_ENUM_CONVERSION = YES;
				CLANG_WARN_INFINITE_RECURSION = YES;
				CLANG_WARN_INT_CONVERSION = YES;
				CLANG_WARN_NON_LITERAL_NULL_CONVERSION = YES;
				CLANG_WARN_OBJC_IMPLICIT_RETAIN_SELF = YES;
				CLANG_WARN_OBJC_LITERAL_CONVERSION = YES;
				CLANG_WARN_OBJC_ROOT_CLASS = YES_ERROR;
				CLANG_WARN_QUOTED_INCLUDE_IN_FRAMEWORK_HEADER = YES;
				CLANG_WARN_RANGE_LOOP_ANALYSIS = YES;
				CLANG_WARN_STRICT_PROTOTYPES = YES;
				CLANG_WARN_SUSPICIOUS_MOVE = YES;
				CLANG_WARN_UNGUARDED_AVAILABILITY = YES_AGGRESSIVE;
				CLANG_WARN_UNREACHABLE_CODE = YES;
				CLANG_WARN__DUPLICATE_METHOD_MATCH = YES;
				COPY_PHASE_STRIP = NO;
				DEBUG_INFORMATION_FORMAT = "dwarf-with-dsym";
				ENABLE_NS_ASSERTIONS = NO;
				ENABLE_STRICT_OBJC_MSGSEND = YES;
				GCC_C_LANGUAGE_STANDARD = gnu11;
				GCC_NO_COMMON_BLOCKS = YES;
				GCC_WARN_64_TO_32_BIT_CONVERSION = YES;
				GCC_WARN_ABOUT_RETURN_TYPE = YES_ERROR;
				GCC_WARN_UNDECLARED_SELECTOR = YES;
				GCC_WARN_UNINITIALIZED_AUTOS = YES_AGGRESSIVE;
				GCC_WARN_UNUSED_FUNCTION = YES;
				GCC_WARN_UNUSED_VARIABLE = YES;
				IPHONEOS_DEPLOYMENT_TARGET = 15.4;
				MTL_ENABLE_DEBUG_INFO = NO;
				MTL_FAST_MATH = YES;
				SDKROOT = iphoneos;
				SWIFT_COMPILATION_MODE = wholemodule;
				SWIFT_OPTIMIZATION_LEVEL = "-O";
				VALIDATE_PRODUCT = YES;
			};
			name = Release;
		};
		3B202A4427FEA45300A58166 /* Debug */ = {
			isa = XCBuildConfiguration;
			buildSettings = {
				ASSETCATALOG_COMPILER_APPICON_NAME = AppIcon;
				ASSETCATALOG_COMPILER_GLOBAL_ACCENT_COLOR_NAME = AccentColor;
				CODE_SIGN_STYLE = Automatic;
				CURRENT_PROJECT_VERSION = 1;
				DEVELOPMENT_TEAM = "";
				GENERATE_INFOPLIST_FILE = YES;
				INFOPLIST_FILE = SleepMuse/Info.plist;
				INFOPLIST_KEY_UIApplicationSupportsIndirectInputEvents = YES;
				INFOPLIST_KEY_UILaunchStoryboardName = LaunchScreen;
				INFOPLIST_KEY_UIMainStoryboardFile = Main;
				INFOPLIST_KEY_UISupportedInterfaceOrientations = UIInterfaceOrientationPortrait;
				INFOPLIST_KEY_UISupportedInterfaceOrientations_iPad = "UIInterfaceOrientationPortrait UIInterfaceOrientationPortraitUpsideDown UIInterfaceOrientationLandscapeLeft UIInterfaceOrientationLandscapeRight";
				INFOPLIST_KEY_UISupportedInterfaceOrientations_iPhone = "UIInterfaceOrientationPortrait UIInterfaceOrientationLandscapeLeft UIInterfaceOrientationLandscapeRight";
				LD_RUNPATH_SEARCH_PATHS = (
					"$(inherited)",
					"@executable_path/Frameworks",
				);
				MARKETING_VERSION = 1.0;
				PRODUCT_BUNDLE_IDENTIFIER = com.TheDreamTeam.SleepMuse;
				PRODUCT_NAME = "$(TARGET_NAME)";
				SWIFT_EMIT_LOC_STRINGS = YES;
				SWIFT_VERSION = 5.0;
				TARGETED_DEVICE_FAMILY = "1,2";
			};
			name = Debug;
		};
		3B202A4527FEA45300A58166 /* Release */ = {
			isa = XCBuildConfiguration;
			buildSettings = {
				ASSETCATALOG_COMPILER_APPICON_NAME = AppIcon;
				ASSETCATALOG_COMPILER_GLOBAL_ACCENT_COLOR_NAME = AccentColor;
				CODE_SIGN_STYLE = Automatic;
				CURRENT_PROJECT_VERSION = 1;
				DEVELOPMENT_TEAM = "";
				GENERATE_INFOPLIST_FILE = YES;
				INFOPLIST_FILE = SleepMuse/Info.plist;
				INFOPLIST_KEY_UIApplicationSupportsIndirectInputEvents = YES;
				INFOPLIST_KEY_UILaunchStoryboardName = LaunchScreen;
				INFOPLIST_KEY_UIMainStoryboardFile = Main;
				INFOPLIST_KEY_UISupportedInterfaceOrientations = UIInterfaceOrientationPortrait;
				INFOPLIST_KEY_UISupportedInterfaceOrientations_iPad = "UIInterfaceOrientationPortrait UIInterfaceOrientationPortraitUpsideDown UIInterfaceOrientationLandscapeLeft UIInterfaceOrientationLandscapeRight";
				INFOPLIST_KEY_UISupportedInterfaceOrientations_iPhone = "UIInterfaceOrientationPortrait UIInterfaceOrientationLandscapeLeft UIInterfaceOrientationLandscapeRight";
				LD_RUNPATH_SEARCH_PATHS = (
					"$(inherited)",
					"@executable_path/Frameworks",
				);
				MARKETING_VERSION = 1.0;
				PRODUCT_BUNDLE_IDENTIFIER = com.TheDreamTeam.SleepMuse;
				PRODUCT_NAME = "$(TARGET_NAME)";
				SWIFT_EMIT_LOC_STRINGS = YES;
				SWIFT_VERSION = 5.0;
				TARGETED_DEVICE_FAMILY = "1,2";
			};
			name = Release;
		};
/* End XCBuildConfiguration section */

/* Begin XCConfigurationList section */
		3B202A2727FEA45100A58166 /* Build configuration list for PBXProject "SleepMuse" */ = {
			isa = XCConfigurationList;
			buildConfigurations = (
				3B202A4127FEA45300A58166 /* Debug */,
				3B202A4227FEA45300A58166 /* Release */,
			);
			defaultConfigurationIsVisible = 0;
			defaultConfigurationName = Release;
		};
		3B202A4327FEA45300A58166 /* Build configuration list for PBXNativeTarget "SleepMuse" */ = {
			isa = XCConfigurationList;
			buildConfigurations = (
				3B202A4427FEA45300A58166 /* Debug */,
				3B202A4527FEA45300A58166 /* Release */,
			);
			defaultConfigurationIsVisible = 0;
			defaultConfigurationName = Release;
		};
/* End XCConfigurationList section */

/* Begin XCVersionGroup section */
		3B202A3827FEA45200A58166 /* SleepMuse.xcdatamodeld */ = {
			isa = XCVersionGroup;
			children = (
				3B202A3927FEA45200A58166 /* SleepMuse.xcdatamodel */,
			);
			currentVersion = 3B202A3927FEA45200A58166 /* SleepMuse.xcdatamodel */;
			path = SleepMuse.xcdatamodeld;
			sourceTree = "<group>";
			versionGroupType = wrapper.xcdatamodel;
		};
/* End XCVersionGroup section */
	};
	rootObject = 3B202A2427FEA45100A58166 /* Project object */;
}
